// !$*UTF8*$!
{
	archiveVersion = 1;
	classes = {
	};
	objectVersion = 52;
	objects = {

/* Begin PBXBuildFile section */
		6C0A344126D546B100567D0A /* EventCard.swift in Sources */ = {isa = PBXBuildFile; fileRef = 6C0A344026D546B100567D0A /* EventCard.swift */; };
		6C0A344326D56E0C00567D0A /* LoginSplashScreen.swift in Sources */ = {isa = PBXBuildFile; fileRef = 6C0A344226D56E0C00567D0A /* LoginSplashScreen.swift */; };
		6C13477026D5F7C200C395E7 /* ClubResponseViewModel.swift in Sources */ = {isa = PBXBuildFile; fileRef = 6C13476F26D5F7C200C395E7 /* ClubResponseViewModel.swift */; };
		6C19252C26D307F800BFC9DC /* EventsView.swift in Sources */ = {isa = PBXBuildFile; fileRef = 6C19252B26D307F800BFC9DC /* EventsView.swift */; };
		6C19252E26D3080800BFC9DC /* HomeViewModel.swift in Sources */ = {isa = PBXBuildFile; fileRef = 6C19252D26D3080800BFC9DC /* HomeViewModel.swift */; };
		6C19253226D3488B00BFC9DC /* events.json in Resources */ = {isa = PBXBuildFile; fileRef = 6C19253126D3488B00BFC9DC /* events.json */; };
		6C19253426D3653C00BFC9DC /* EventsAPI.swift in Sources */ = {isa = PBXBuildFile; fileRef = 6C19253326D3653C00BFC9DC /* EventsAPI.swift */; };
		6C19253626D368EF00BFC9DC /* EventResponseViewModel.swift in Sources */ = {isa = PBXBuildFile; fileRef = 6C19253526D368EF00BFC9DC /* EventResponseViewModel.swift */; };
		6C19253D26D487D600BFC9DC /* Event.swift in Sources */ = {isa = PBXBuildFile; fileRef = 6C19253C26D487D600BFC9DC /* Event.swift */; };
		6C19254326D488F900BFC9DC /* EventDetailView.swift in Sources */ = {isa = PBXBuildFile; fileRef = 6C19254226D488F900BFC9DC /* EventDetailView.swift */; };
		6C19254726D4B92300BFC9DC /* testEvent.json in Resources */ = {isa = PBXBuildFile; fileRef = 6C19254626D4B92300BFC9DC /* testEvent.json */; };
		6C19254A26D4CB9600BFC9DC /* AddEventViewController.swift in Sources */ = {isa = PBXBuildFile; fileRef = 6C19254926D4CB9600BFC9DC /* AddEventViewController.swift */; };
		6C1A741026A4E2DA00C2F683 /* MultiSelectionView.swift in Sources */ = {isa = PBXBuildFile; fileRef = 6C1A740F26A4E2DA00C2F683 /* MultiSelectionView.swift */; };
		6C1A741326A4E63E00C2F683 /* MembershipSettingsView.swift in Sources */ = {isa = PBXBuildFile; fileRef = 6C1A741226A4E63E00C2F683 /* MembershipSettingsView.swift */; };
		6C1A741526A51EA600C2F683 /* MapView.swift in Sources */ = {isa = PBXBuildFile; fileRef = 6C1A741426A51EA600C2F683 /* MapView.swift */; };
		6C1A741726A53F0F00C2F683 /* Color.swift in Sources */ = {isa = PBXBuildFile; fileRef = 6C1A741626A53F0F00C2F683 /* Color.swift */; };
		6C1A741B26A5F67800C2F683 /* ClubFair.swift in Sources */ = {isa = PBXBuildFile; fileRef = 6C1A741A26A5F67800C2F683 /* ClubFair.swift */; };
		6C1A743226A69EC000C2F683 /* ClubAnnotation.swift in Sources */ = {isa = PBXBuildFile; fileRef = 6C1A743126A69EC000C2F683 /* ClubAnnotation.swift */; };
		6C1A743526A69EF500C2F683 /* ClubAnnotationView.swift in Sources */ = {isa = PBXBuildFile; fileRef = 6C1A743426A69EF500C2F683 /* ClubAnnotationView.swift */; };
		6C1ED2AE26D6BA2400F3A563 /* AlertType.swift in Sources */ = {isa = PBXBuildFile; fileRef = 6C1ED2AD26D6BA2400F3A563 /* AlertType.swift */; };
		6C2C76D826DAD18400454EC9 /* ClubDetailViewModel.swift in Sources */ = {isa = PBXBuildFile; fileRef = 6C2C76D726DAD18400454EC9 /* ClubDetailViewModel.swift */; };
		6C2C76DA26DAD66E00454EC9 /* MapPinLocationView.swift in Sources */ = {isa = PBXBuildFile; fileRef = 6C2C76D926DAD66E00454EC9 /* MapPinLocationView.swift */; };
		6C3BE918269FFE4400FBB81A /* SecureStore.swift in Sources */ = {isa = PBXBuildFile; fileRef = 6C3BE917269FFE4400FBB81A /* SecureStore.swift */; };
		6C3BE91D26A0ECB100FBB81A /* WKNetworkManager.swift in Sources */ = {isa = PBXBuildFile; fileRef = 6C3BE91C26A0ECB100FBB81A /* WKNetworkManager.swift */; };
		6C3BE91F26A0ECC900FBB81A /* WKPennLoginController.swift in Sources */ = {isa = PBXBuildFile; fileRef = 6C3BE91E26A0ECC900FBB81A /* WKPennLoginController.swift */; };
		6C3BE92126A0EE0200FBB81A /* WKPennLoginSwiftUI.swift in Sources */ = {isa = PBXBuildFile; fileRef = 6C3BE92026A0EE0200FBB81A /* WKPennLoginSwiftUI.swift */; };
		6C3D837D26AB72DC00A97E52 /* MembersView.swift in Sources */ = {isa = PBXBuildFile; fileRef = 6C3D837C26AB72DC00A97E52 /* MembersView.swift */; };
		6C3D837F26AB73CC00A97E52 /* OverviewView.swift in Sources */ = {isa = PBXBuildFile; fileRef = 6C3D837E26AB73CC00A97E52 /* OverviewView.swift */; };
		6C3D838126ABDBD900A97E52 /* QuestionAnswer.swift in Sources */ = {isa = PBXBuildFile; fileRef = 6C3D838026ABDBD900A97E52 /* QuestionAnswer.swift */; };
		6C3D838526ACF24000A97E52 /* MapsAPI.swift in Sources */ = {isa = PBXBuildFile; fileRef = 6C3D838426ACF24000A97E52 /* MapsAPI.swift */; };
		6C4B1D712655571100EBBF4B /* penn_clubsApp.swift in Sources */ = {isa = PBXBuildFile; fileRef = 6C4B1D702655571100EBBF4B /* penn_clubsApp.swift */; };
		6C4B1D732655571100EBBF4B /* ContentView.swift in Sources */ = {isa = PBXBuildFile; fileRef = 6C4B1D722655571100EBBF4B /* ContentView.swift */; };
		6C4B1D752655571200EBBF4B /* Assets.xcassets in Resources */ = {isa = PBXBuildFile; fileRef = 6C4B1D742655571200EBBF4B /* Assets.xcassets */; };
		6C4B1D782655571200EBBF4B /* Preview Assets.xcassets in Resources */ = {isa = PBXBuildFile; fileRef = 6C4B1D772655571200EBBF4B /* Preview Assets.xcassets */; };
		6C68224D26A386B3004AA4E8 /* Storage.swift in Sources */ = {isa = PBXBuildFile; fileRef = 6C68224C26A386B3004AA4E8 /* Storage.swift */; };
		6C68224F26A3E608004AA4E8 /* MultiSelector.swift in Sources */ = {isa = PBXBuildFile; fileRef = 6C68224E26A3E608004AA4E8 /* MultiSelector.swift */; };
		6C68225226A4DBEA004AA4E8 /* ClubMembership.swift in Sources */ = {isa = PBXBuildFile; fileRef = 6C68225126A4DBEA004AA4E8 /* ClubMembership.swift */; };
		6C6B38412655AA6D00E812A5 /* ClubRow.swift in Sources */ = {isa = PBXBuildFile; fileRef = 6C6B38402655AA6D00E812A5 /* ClubRow.swift */; };
		6C6B38442655AADE00E812A5 /* Kingfisher in Frameworks */ = {isa = PBXBuildFile; productRef = 6C6B38432655AADE00E812A5 /* Kingfisher */; };
		6C6B38482655B0F400E812A5 /* ClubDetailView.swift in Sources */ = {isa = PBXBuildFile; fileRef = 6C6B38472655B0F400E812A5 /* ClubDetailView.swift */; };
		6C6B384B2655B3B800E812A5 /* FadingScrollView.swift in Sources */ = {isa = PBXBuildFile; fileRef = 6C6B384A2655B3B800E812A5 /* FadingScrollView.swift */; };
		6C7297362656B1B400AA6D39 /* Modal.swift in Sources */ = {isa = PBXBuildFile; fileRef = 6C7297352656B1B400AA6D39 /* Modal.swift */; };
		6C7D1A8C265D8E6C005B7744 /* AlertManager.swift in Sources */ = {isa = PBXBuildFile; fileRef = 6C7D1A8B265D8E6C005B7744 /* AlertManager.swift */; };
		6C80F5D826A8568200207048 /* SwiftSoup in Frameworks */ = {isa = PBXBuildFile; productRef = 6C80F5D726A8568200207048 /* SwiftSoup */; };
		6C80F5DF26A8E5DD00207048 /* DescriptionView.swift in Sources */ = {isa = PBXBuildFile; fileRef = 6C80F5DE26A8E5DD00207048 /* DescriptionView.swift */; };
		6C80F5E126AA10BE00207048 /* YouTubePlayer.swift in Sources */ = {isa = PBXBuildFile; fileRef = 6C80F5E026AA10BE00207048 /* YouTubePlayer.swift */; };
		6C80F5E426AA11E000207048 /* YTPlayer.html in Resources */ = {isa = PBXBuildFile; fileRef = 6C80F5E326AA11E000207048 /* YTPlayer.html */; };
		6C80F5E626AA154500207048 /* Extensions.swift in Sources */ = {isa = PBXBuildFile; fileRef = 6C80F5E526AA154500207048 /* Extensions.swift */; };
		6C80F5E826AA1DE800207048 /* ClubsAPI.swift in Sources */ = {isa = PBXBuildFile; fileRef = 6C80F5E726AA1DE800207048 /* ClubsAPI.swift */; };
		6C80F5EA26AA1E5B00207048 /* ExtendedClub.swift in Sources */ = {isa = PBXBuildFile; fileRef = 6C80F5E926AA1E5B00207048 /* ExtendedClub.swift */; };
		6C8DAD3B26A78E9C0072287B /* LocationDataMapClusterView.swift in Sources */ = {isa = PBXBuildFile; fileRef = 6C8DAD3A26A78E9C0072287B /* LocationDataMapClusterView.swift */; };
		6C94879E26AB714500D560A2 /* FAQView.swift in Sources */ = {isa = PBXBuildFile; fileRef = 6C94879D26AB714500D560A2 /* FAQView.swift */; };
		6C9EF23926A30C3C00ACBDD2 /* LoginManager.swift in Sources */ = {isa = PBXBuildFile; fileRef = 6C9EF23826A30C3C00ACBDD2 /* LoginManager.swift */; };
		6C9EF23B26A30DD500ACBDD2 /* UserDefaults.swift in Sources */ = {isa = PBXBuildFile; fileRef = 6C9EF23A26A30DD500ACBDD2 /* UserDefaults.swift */; };
		6C9EF23D26A3114400ACBDD2 /* LoginView.swift in Sources */ = {isa = PBXBuildFile; fileRef = 6C9EF23C26A3114400ACBDD2 /* LoginView.swift */; };
		6C9EF23F26A312FA00ACBDD2 /* SettingsViewModel.swift in Sources */ = {isa = PBXBuildFile; fileRef = 6C9EF23E26A312FA00ACBDD2 /* SettingsViewModel.swift */; };
		6CA6F87726AD445A00D86362 /* ClubsMapViewModel.swift in Sources */ = {isa = PBXBuildFile; fileRef = 6CA6F87626AD445A00D86362 /* ClubsMapViewModel.swift */; };
		6CA6F87926AD44C500D86362 /* FilterType.swift in Sources */ = {isa = PBXBuildFile; fileRef = 6CA6F87826AD44C500D86362 /* FilterType.swift */; };
		6CB40EF526560D05006EBB0D /* MoreView.swift in Sources */ = {isa = PBXBuildFile; fileRef = 6CB40EF426560D05006EBB0D /* MoreView.swift */; };
		6CB7DF3A26ADFB99001189BE /* ClubBookmarkResponse.swift in Sources */ = {isa = PBXBuildFile; fileRef = 6CB7DF3926ADFB98001189BE /* ClubBookmarkResponse.swift */; };
		6CB7DF3C26AE04B1001189BE /* VisualEffectView.swift in Sources */ = {isa = PBXBuildFile; fileRef = 6CB7DF3B26AE04B1001189BE /* VisualEffectView.swift */; };
		6CBAA70326D214080080BA0B /* random_loc.json in Resources */ = {isa = PBXBuildFile; fileRef = 6CBAA70226D214080080BA0B /* random_loc.json */; };
		6CBED3AB26557E050094AEF9 /* ControllerModel.swift in Sources */ = {isa = PBXBuildFile; fileRef = 6CBED3AA26557E050094AEF9 /* ControllerModel.swift */; };
		6CBED3B126557EE30094AEF9 /* Club.swift in Sources */ = {isa = PBXBuildFile; fileRef = 6CBED3B026557EE30094AEF9 /* Club.swift */; };
		6CBED3B62655830C0094AEF9 /* Networking.swift in Sources */ = {isa = PBXBuildFile; fileRef = 6CBED3B52655830C0094AEF9 /* Networking.swift */; };
		6CBED3B926559DEC0094AEF9 /* SearchView.swift in Sources */ = {isa = PBXBuildFile; fileRef = 6CBED3B826559DEC0094AEF9 /* SearchView.swift */; };
		6CC817A926D9DC3400CECD88 /* GoogleService-Info.plist in Resources */ = {isa = PBXBuildFile; fileRef = 6CC817A826D9DC3400CECD88 /* GoogleService-Info.plist */; };
		6CC817AC26D9DCE400CECD88 /* FirebaseAnalytics in Frameworks */ = {isa = PBXBuildFile; productRef = 6CC817AB26D9DCE400CECD88 /* FirebaseAnalytics */; };
		6CD49C6C2655B88600144B55 /* ClubsMapView.swift in Sources */ = {isa = PBXBuildFile; fileRef = 6CD49C6B2655B88600144B55 /* ClubsMapView.swift */; };
		6CD49C6E2655F89200144B55 /* SearchBar.swift in Sources */ = {isa = PBXBuildFile; fileRef = 6CD49C6D2655F89200144B55 /* SearchBar.swift */; };
		6CDE07BE26A1392300CE22A3 /* School.swift in Sources */ = {isa = PBXBuildFile; fileRef = 6CDE07BD26A1392300CE22A3 /* School.swift */; };
		6CDE07C126A139AE00CE22A3 /* Profile.swift in Sources */ = {isa = PBXBuildFile; fileRef = 6CDE07C026A139AE00CE22A3 /* Profile.swift */; };
		6CDE07C326A13A4700CE22A3 /* Major.swift in Sources */ = {isa = PBXBuildFile; fileRef = 6CDE07C226A13A4700CE22A3 /* Major.swift */; };
		6CDE07C626A13C1D00CE22A3 /* SettingsAPI.swift in Sources */ = {isa = PBXBuildFile; fileRef = 6CDE07C526A13C1D00CE22A3 /* SettingsAPI.swift */; };
		6CDE07C926A1419B00CE22A3 /* Alamofire in Frameworks */ = {isa = PBXBuildFile; productRef = 6CDE07C826A1419B00CE22A3 /* Alamofire */; };
		6CDE07CB26A1C9E700CE22A3 /* InfiniteList.swift in Sources */ = {isa = PBXBuildFile; fileRef = 6CDE07CA26A1C9E700CE22A3 /* InfiniteList.swift */; };
		6CE0B49326D947EE006C1122 /* HomeView.swift in Sources */ = {isa = PBXBuildFile; fileRef = 6CE0B49226D947EE006C1122 /* HomeView.swift */; };
		6CE0B49526D9549D006C1122 /* HomeTabView.swift in Sources */ = {isa = PBXBuildFile; fileRef = 6CE0B49426D9549D006C1122 /* HomeTabView.swift */; };
/* End PBXBuildFile section */

/* Begin PBXFileReference section */
		6C0A344026D546B100567D0A /* EventCard.swift */ = {isa = PBXFileReference; lastKnownFileType = sourcecode.swift; path = EventCard.swift; sourceTree = "<group>"; };
		6C0A344226D56E0C00567D0A /* LoginSplashScreen.swift */ = {isa = PBXFileReference; lastKnownFileType = sourcecode.swift; path = LoginSplashScreen.swift; sourceTree = "<group>"; };
		6C13476F26D5F7C200C395E7 /* ClubResponseViewModel.swift */ = {isa = PBXFileReference; lastKnownFileType = sourcecode.swift; path = ClubResponseViewModel.swift; sourceTree = "<group>"; };
		6C19252B26D307F800BFC9DC /* EventsView.swift */ = {isa = PBXFileReference; lastKnownFileType = sourcecode.swift; path = EventsView.swift; sourceTree = "<group>"; };
		6C19252D26D3080800BFC9DC /* HomeViewModel.swift */ = {isa = PBXFileReference; lastKnownFileType = sourcecode.swift; path = HomeViewModel.swift; sourceTree = "<group>"; };
		6C19253126D3488B00BFC9DC /* events.json */ = {isa = PBXFileReference; lastKnownFileType = text.json; path = events.json; sourceTree = "<group>"; };
		6C19253326D3653C00BFC9DC /* EventsAPI.swift */ = {isa = PBXFileReference; lastKnownFileType = sourcecode.swift; path = EventsAPI.swift; sourceTree = "<group>"; };
		6C19253526D368EF00BFC9DC /* EventResponseViewModel.swift */ = {isa = PBXFileReference; lastKnownFileType = sourcecode.swift; path = EventResponseViewModel.swift; sourceTree = "<group>"; };
		6C19253C26D487D600BFC9DC /* Event.swift */ = {isa = PBXFileReference; fileEncoding = 4; lastKnownFileType = sourcecode.swift; path = Event.swift; sourceTree = "<group>"; };
		6C19254226D488F900BFC9DC /* EventDetailView.swift */ = {isa = PBXFileReference; lastKnownFileType = sourcecode.swift; path = EventDetailView.swift; sourceTree = "<group>"; };
		6C19254626D4B92300BFC9DC /* testEvent.json */ = {isa = PBXFileReference; lastKnownFileType = text.json; path = testEvent.json; sourceTree = "<group>"; };
		6C19254926D4CB9600BFC9DC /* AddEventViewController.swift */ = {isa = PBXFileReference; lastKnownFileType = sourcecode.swift; path = AddEventViewController.swift; sourceTree = "<group>"; };
		6C1A740F26A4E2DA00C2F683 /* MultiSelectionView.swift */ = {isa = PBXFileReference; lastKnownFileType = sourcecode.swift; path = MultiSelectionView.swift; sourceTree = "<group>"; };
		6C1A741226A4E63E00C2F683 /* MembershipSettingsView.swift */ = {isa = PBXFileReference; lastKnownFileType = sourcecode.swift; path = MembershipSettingsView.swift; sourceTree = "<group>"; };
		6C1A741426A51EA600C2F683 /* MapView.swift */ = {isa = PBXFileReference; lastKnownFileType = sourcecode.swift; path = MapView.swift; sourceTree = "<group>"; };
		6C1A741626A53F0F00C2F683 /* Color.swift */ = {isa = PBXFileReference; lastKnownFileType = sourcecode.swift; path = Color.swift; sourceTree = "<group>"; };
		6C1A741A26A5F67800C2F683 /* ClubFair.swift */ = {isa = PBXFileReference; lastKnownFileType = sourcecode.swift; path = ClubFair.swift; sourceTree = "<group>"; };
		6C1A743126A69EC000C2F683 /* ClubAnnotation.swift */ = {isa = PBXFileReference; lastKnownFileType = sourcecode.swift; path = ClubAnnotation.swift; sourceTree = "<group>"; };
		6C1A743426A69EF500C2F683 /* ClubAnnotationView.swift */ = {isa = PBXFileReference; lastKnownFileType = sourcecode.swift; path = ClubAnnotationView.swift; sourceTree = "<group>"; };
		6C1ED2AD26D6BA2400F3A563 /* AlertType.swift */ = {isa = PBXFileReference; lastKnownFileType = sourcecode.swift; path = AlertType.swift; sourceTree = "<group>"; };
		6C2C76D726DAD18400454EC9 /* ClubDetailViewModel.swift */ = {isa = PBXFileReference; lastKnownFileType = sourcecode.swift; path = ClubDetailViewModel.swift; sourceTree = "<group>"; };
		6C2C76D926DAD66E00454EC9 /* MapPinLocationView.swift */ = {isa = PBXFileReference; lastKnownFileType = sourcecode.swift; path = MapPinLocationView.swift; sourceTree = "<group>"; };
		6C3BE917269FFE4400FBB81A /* SecureStore.swift */ = {isa = PBXFileReference; lastKnownFileType = sourcecode.swift; path = SecureStore.swift; sourceTree = "<group>"; };
		6C3BE91C26A0ECB100FBB81A /* WKNetworkManager.swift */ = {isa = PBXFileReference; lastKnownFileType = sourcecode.swift; path = WKNetworkManager.swift; sourceTree = "<group>"; };
		6C3BE91E26A0ECC900FBB81A /* WKPennLoginController.swift */ = {isa = PBXFileReference; lastKnownFileType = sourcecode.swift; path = WKPennLoginController.swift; sourceTree = "<group>"; };
		6C3BE92026A0EE0200FBB81A /* WKPennLoginSwiftUI.swift */ = {isa = PBXFileReference; lastKnownFileType = sourcecode.swift; path = WKPennLoginSwiftUI.swift; sourceTree = "<group>"; };
		6C3D837C26AB72DC00A97E52 /* MembersView.swift */ = {isa = PBXFileReference; lastKnownFileType = sourcecode.swift; path = MembersView.swift; sourceTree = "<group>"; };
		6C3D837E26AB73CC00A97E52 /* OverviewView.swift */ = {isa = PBXFileReference; lastKnownFileType = sourcecode.swift; path = OverviewView.swift; sourceTree = "<group>"; };
		6C3D838026ABDBD900A97E52 /* QuestionAnswer.swift */ = {isa = PBXFileReference; lastKnownFileType = sourcecode.swift; path = QuestionAnswer.swift; sourceTree = "<group>"; };
		6C3D838426ACF24000A97E52 /* MapsAPI.swift */ = {isa = PBXFileReference; lastKnownFileType = sourcecode.swift; path = MapsAPI.swift; sourceTree = "<group>"; };
		6C4B1D6D2655571100EBBF4B /* Penn Clubs.app */ = {isa = PBXFileReference; explicitFileType = wrapper.application; includeInIndex = 0; path = "Penn Clubs.app"; sourceTree = BUILT_PRODUCTS_DIR; };
		6C4B1D702655571100EBBF4B /* penn_clubsApp.swift */ = {isa = PBXFileReference; lastKnownFileType = sourcecode.swift; path = penn_clubsApp.swift; sourceTree = "<group>"; };
		6C4B1D722655571100EBBF4B /* ContentView.swift */ = {isa = PBXFileReference; lastKnownFileType = sourcecode.swift; path = ContentView.swift; sourceTree = "<group>"; };
		6C4B1D742655571200EBBF4B /* Assets.xcassets */ = {isa = PBXFileReference; lastKnownFileType = folder.assetcatalog; path = Assets.xcassets; sourceTree = "<group>"; };
		6C4B1D772655571200EBBF4B /* Preview Assets.xcassets */ = {isa = PBXFileReference; lastKnownFileType = folder.assetcatalog; path = "Preview Assets.xcassets"; sourceTree = "<group>"; };
		6C4B1D792655571200EBBF4B /* Info.plist */ = {isa = PBXFileReference; lastKnownFileType = text.plist.xml; path = Info.plist; sourceTree = "<group>"; };
		6C68224C26A386B3004AA4E8 /* Storage.swift */ = {isa = PBXFileReference; lastKnownFileType = sourcecode.swift; path = Storage.swift; sourceTree = "<group>"; };
		6C68224E26A3E608004AA4E8 /* MultiSelector.swift */ = {isa = PBXFileReference; lastKnownFileType = sourcecode.swift; path = MultiSelector.swift; sourceTree = "<group>"; };
		6C68225126A4DBEA004AA4E8 /* ClubMembership.swift */ = {isa = PBXFileReference; lastKnownFileType = sourcecode.swift; path = ClubMembership.swift; sourceTree = "<group>"; };
		6C6B38402655AA6D00E812A5 /* ClubRow.swift */ = {isa = PBXFileReference; lastKnownFileType = sourcecode.swift; path = ClubRow.swift; sourceTree = "<group>"; };
		6C6B38472655B0F400E812A5 /* ClubDetailView.swift */ = {isa = PBXFileReference; lastKnownFileType = sourcecode.swift; path = ClubDetailView.swift; sourceTree = "<group>"; };
		6C6B384A2655B3B800E812A5 /* FadingScrollView.swift */ = {isa = PBXFileReference; lastKnownFileType = sourcecode.swift; path = FadingScrollView.swift; sourceTree = "<group>"; };
		6C7297352656B1B400AA6D39 /* Modal.swift */ = {isa = PBXFileReference; lastKnownFileType = sourcecode.swift; path = Modal.swift; sourceTree = "<group>"; };
		6C7D1A8B265D8E6C005B7744 /* AlertManager.swift */ = {isa = PBXFileReference; lastKnownFileType = sourcecode.swift; path = AlertManager.swift; sourceTree = "<group>"; };
		6C80F5DE26A8E5DD00207048 /* DescriptionView.swift */ = {isa = PBXFileReference; lastKnownFileType = sourcecode.swift; path = DescriptionView.swift; sourceTree = "<group>"; };
		6C80F5E026AA10BE00207048 /* YouTubePlayer.swift */ = {isa = PBXFileReference; lastKnownFileType = sourcecode.swift; path = YouTubePlayer.swift; sourceTree = "<group>"; };
		6C80F5E326AA11E000207048 /* YTPlayer.html */ = {isa = PBXFileReference; lastKnownFileType = text.html; path = YTPlayer.html; sourceTree = "<group>"; };
		6C80F5E526AA154500207048 /* Extensions.swift */ = {isa = PBXFileReference; lastKnownFileType = sourcecode.swift; path = Extensions.swift; sourceTree = "<group>"; };
		6C80F5E726AA1DE800207048 /* ClubsAPI.swift */ = {isa = PBXFileReference; lastKnownFileType = sourcecode.swift; path = ClubsAPI.swift; sourceTree = "<group>"; };
		6C80F5E926AA1E5B00207048 /* ExtendedClub.swift */ = {isa = PBXFileReference; lastKnownFileType = sourcecode.swift; path = ExtendedClub.swift; sourceTree = "<group>"; };
		6C8DAD3A26A78E9C0072287B /* LocationDataMapClusterView.swift */ = {isa = PBXFileReference; lastKnownFileType = sourcecode.swift; path = LocationDataMapClusterView.swift; sourceTree = "<group>"; };
		6C94879D26AB714500D560A2 /* FAQView.swift */ = {isa = PBXFileReference; lastKnownFileType = sourcecode.swift; path = FAQView.swift; sourceTree = "<group>"; };
		6C9EF23826A30C3C00ACBDD2 /* LoginManager.swift */ = {isa = PBXFileReference; lastKnownFileType = sourcecode.swift; path = LoginManager.swift; sourceTree = "<group>"; };
		6C9EF23A26A30DD500ACBDD2 /* UserDefaults.swift */ = {isa = PBXFileReference; lastKnownFileType = sourcecode.swift; path = UserDefaults.swift; sourceTree = "<group>"; };
		6C9EF23C26A3114400ACBDD2 /* LoginView.swift */ = {isa = PBXFileReference; lastKnownFileType = sourcecode.swift; path = LoginView.swift; sourceTree = "<group>"; };
		6C9EF23E26A312FA00ACBDD2 /* SettingsViewModel.swift */ = {isa = PBXFileReference; lastKnownFileType = sourcecode.swift; path = SettingsViewModel.swift; sourceTree = "<group>"; };
		6CA6F87626AD445A00D86362 /* ClubsMapViewModel.swift */ = {isa = PBXFileReference; lastKnownFileType = sourcecode.swift; path = ClubsMapViewModel.swift; sourceTree = "<group>"; };
		6CA6F87826AD44C500D86362 /* FilterType.swift */ = {isa = PBXFileReference; lastKnownFileType = sourcecode.swift; path = FilterType.swift; sourceTree = "<group>"; };
		6CB40EF426560D05006EBB0D /* MoreView.swift */ = {isa = PBXFileReference; lastKnownFileType = sourcecode.swift; path = MoreView.swift; sourceTree = "<group>"; };
		6CB7DF3926ADFB98001189BE /* ClubBookmarkResponse.swift */ = {isa = PBXFileReference; lastKnownFileType = sourcecode.swift; path = ClubBookmarkResponse.swift; sourceTree = "<group>"; };
		6CB7DF3B26AE04B1001189BE /* VisualEffectView.swift */ = {isa = PBXFileReference; lastKnownFileType = sourcecode.swift; path = VisualEffectView.swift; sourceTree = "<group>"; };
		6CBAA70226D214080080BA0B /* random_loc.json */ = {isa = PBXFileReference; fileEncoding = 4; lastKnownFileType = text.json; path = random_loc.json; sourceTree = "<group>"; };
		6CBED3AA26557E050094AEF9 /* ControllerModel.swift */ = {isa = PBXFileReference; lastKnownFileType = sourcecode.swift; path = ControllerModel.swift; sourceTree = "<group>"; };
		6CBED3B026557EE30094AEF9 /* Club.swift */ = {isa = PBXFileReference; lastKnownFileType = sourcecode.swift; path = Club.swift; sourceTree = "<group>"; };
		6CBED3B52655830C0094AEF9 /* Networking.swift */ = {isa = PBXFileReference; lastKnownFileType = sourcecode.swift; path = Networking.swift; sourceTree = "<group>"; };
		6CBED3B826559DEC0094AEF9 /* SearchView.swift */ = {isa = PBXFileReference; lastKnownFileType = sourcecode.swift; path = SearchView.swift; sourceTree = "<group>"; };
		6CC817A826D9DC3400CECD88 /* GoogleService-Info.plist */ = {isa = PBXFileReference; fileEncoding = 4; lastKnownFileType = text.plist.xml; path = "GoogleService-Info.plist"; sourceTree = "<group>"; };
		6CD49C6B2655B88600144B55 /* ClubsMapView.swift */ = {isa = PBXFileReference; lastKnownFileType = sourcecode.swift; path = ClubsMapView.swift; sourceTree = "<group>"; };
		6CD49C6D2655F89200144B55 /* SearchBar.swift */ = {isa = PBXFileReference; lastKnownFileType = sourcecode.swift; path = SearchBar.swift; sourceTree = "<group>"; };
		6CDE07BD26A1392300CE22A3 /* School.swift */ = {isa = PBXFileReference; lastKnownFileType = sourcecode.swift; path = School.swift; sourceTree = "<group>"; };
		6CDE07C026A139AE00CE22A3 /* Profile.swift */ = {isa = PBXFileReference; lastKnownFileType = sourcecode.swift; path = Profile.swift; sourceTree = "<group>"; };
		6CDE07C226A13A4700CE22A3 /* Major.swift */ = {isa = PBXFileReference; lastKnownFileType = sourcecode.swift; path = Major.swift; sourceTree = "<group>"; };
		6CDE07C526A13C1D00CE22A3 /* SettingsAPI.swift */ = {isa = PBXFileReference; lastKnownFileType = sourcecode.swift; path = SettingsAPI.swift; sourceTree = "<group>"; };
		6CDE07CA26A1C9E700CE22A3 /* InfiniteList.swift */ = {isa = PBXFileReference; lastKnownFileType = sourcecode.swift; path = InfiniteList.swift; sourceTree = "<group>"; };
		6CE0B49226D947EE006C1122 /* HomeView.swift */ = {isa = PBXFileReference; fileEncoding = 4; lastKnownFileType = sourcecode.swift; path = HomeView.swift; sourceTree = "<group>"; };
		6CE0B49426D9549D006C1122 /* HomeTabView.swift */ = {isa = PBXFileReference; fileEncoding = 4; lastKnownFileType = sourcecode.swift; path = HomeTabView.swift; sourceTree = "<group>"; };
/* End PBXFileReference section */

/* Begin PBXFrameworksBuildPhase section */
		6C4B1D6A2655571100EBBF4B /* Frameworks */ = {
			isa = PBXFrameworksBuildPhase;
			buildActionMask = 2147483647;
			files = (
				6CDE07C926A1419B00CE22A3 /* Alamofire in Frameworks */,
				6C80F5D826A8568200207048 /* SwiftSoup in Frameworks */,
				6CC817AC26D9DCE400CECD88 /* FirebaseAnalytics in Frameworks */,
				6C6B38442655AADE00E812A5 /* Kingfisher in Frameworks */,
			);
			runOnlyForDeploymentPostprocessing = 0;
		};
/* End PBXFrameworksBuildPhase section */

/* Begin PBXGroup section */
		6C19253726D4877800BFC9DC /* Clubs */ = {
			isa = PBXGroup;
			children = (
				6C80F5DC26A8E5C200207048 /* ClubDetailView */,
				6CBED3B4265582640094AEF9 /* View */,
				6CBED3B2265582560094AEF9 /* Model */,
			);
			path = Clubs;
			sourceTree = "<group>";
		};
		6C19253826D4878900BFC9DC /* Events */ = {
			isa = PBXGroup;
			children = (
				6C19254626D4B92300BFC9DC /* testEvent.json */,
				6C19253E26D487E400BFC9DC /* View */,
				6C19253B26D487D600BFC9DC /* Model */,
			);
			path = Events;
			sourceTree = "<group>";
		};
		6C19253B26D487D600BFC9DC /* Model */ = {
			isa = PBXGroup;
			children = (
				6C19253C26D487D600BFC9DC /* Event.swift */,
			);
			path = Model;
			sourceTree = "<group>";
		};
		6C19253E26D487E400BFC9DC /* View */ = {
			isa = PBXGroup;
			children = (
				6C19252B26D307F800BFC9DC /* EventsView.swift */,
				6C19254226D488F900BFC9DC /* EventDetailView.swift */,
				6C19254926D4CB9600BFC9DC /* AddEventViewController.swift */,
				6C0A344026D546B100567D0A /* EventCard.swift */,
			);
			path = View;
			sourceTree = "<group>";
		};
		6C1A741126A4E62B00C2F683 /* View */ = {
			isa = PBXGroup;
			children = (
				6CB40EF426560D05006EBB0D /* MoreView.swift */,
				6C1A741226A4E63E00C2F683 /* MembershipSettingsView.swift */,
			);
			path = View;
			sourceTree = "<group>";
		};
		6C1A743026A69E4600C2F683 /* Model */ = {
			isa = PBXGroup;
			children = (
				6C1A743126A69EC000C2F683 /* ClubAnnotation.swift */,
				6C1A741A26A5F67800C2F683 /* ClubFair.swift */,
				6CA6F87826AD44C500D86362 /* FilterType.swift */,
				6CB7DF3926ADFB98001189BE /* ClubBookmarkResponse.swift */,
			);
			path = Model;
			sourceTree = "<group>";
		};
		6C1A743326A69EEC00C2F683 /* View */ = {
			isa = PBXGroup;
			children = (
				6CD49C6B2655B88600144B55 /* ClubsMapView.swift */,
				6C1A741426A51EA600C2F683 /* MapView.swift */,
				6C8DAD3A26A78E9C0072287B /* LocationDataMapClusterView.swift */,
				6C1A743426A69EF500C2F683 /* ClubAnnotationView.swift */,
			);
			path = View;
			sourceTree = "<group>";
		};
		6C3BE916269FFE2E00FBB81A /* Storage */ = {
			isa = PBXGroup;
			children = (
				6C3BE917269FFE4400FBB81A /* SecureStore.swift */,
				6C9EF23A26A30DD500ACBDD2 /* UserDefaults.swift */,
				6C68224C26A386B3004AA4E8 /* Storage.swift */,
			);
			path = Storage;
			sourceTree = "<group>";
		};
		6C3BE91926A0EC5B00FBB81A /* Auth */ = {
			isa = PBXGroup;
			children = (
				6C3BE91C26A0ECB100FBB81A /* WKNetworkManager.swift */,
				6C3BE91E26A0ECC900FBB81A /* WKPennLoginController.swift */,
				6C3BE92026A0EE0200FBB81A /* WKPennLoginSwiftUI.swift */,
				6C9EF23826A30C3C00ACBDD2 /* LoginManager.swift */,
				6C9EF23C26A3114400ACBDD2 /* LoginView.swift */,
			);
			path = Auth;
			sourceTree = "<group>";
		};
		6C4B1D642655571100EBBF4B = {
			isa = PBXGroup;
			children = (
				6C4B1D6F2655571100EBBF4B /* PennClubs */,
				6C4B1D6E2655571100EBBF4B /* Products */,
			);
			sourceTree = "<group>";
		};
		6C4B1D6E2655571100EBBF4B /* Products */ = {
			isa = PBXGroup;
			children = (
				6C4B1D6D2655571100EBBF4B /* Penn Clubs.app */,
			);
			name = Products;
			sourceTree = "<group>";
		};
		6C4B1D6F2655571100EBBF4B /* PennClubs */ = {
			isa = PBXGroup;
			children = (
				6C3BE91926A0EC5B00FBB81A /* Auth */,
				6CBED3B32655825B0094AEF9 /* Networking */,
				6C3BE916269FFE2E00FBB81A /* Storage */,
				6CBED3B726559D820094AEF9 /* Setup */,
				6C7D1A8A265D8E5E005B7744 /* Alerts */,
				6CB40EF726560D74006EBB0D /* Home */,
				6C6B38492655B39200E812A5 /* View Templates */,
				6C19253726D4877800BFC9DC /* Clubs */,
				6CB40EF626560D32006EBB0D /* Maps */,
				6C19253826D4878900BFC9DC /* Events */,
				6CBED3AC26557E6B0094AEF9 /* Search */,
				6CB40EF326560CEC006EBB0D /* More Tab */,
				6C4B1D742655571200EBBF4B /* Assets.xcassets */,
				6CC817A826D9DC3400CECD88 /* GoogleService-Info.plist */,
				6C4B1D792655571200EBBF4B /* Info.plist */,
				6C4B1D762655571200EBBF4B /* Preview Content */,
			);
			path = PennClubs;
			sourceTree = "<group>";
		};
		6C4B1D762655571200EBBF4B /* Preview Content */ = {
			isa = PBXGroup;
			children = (
				6C4B1D772655571200EBBF4B /* Preview Assets.xcassets */,
			);
			path = "Preview Content";
			sourceTree = "<group>";
		};
		6C68225026A411EB004AA4E8 /* MultiSelector */ = {
			isa = PBXGroup;
			children = (
				6C68224E26A3E608004AA4E8 /* MultiSelector.swift */,
				6C1A740F26A4E2DA00C2F683 /* MultiSelectionView.swift */,
			);
			path = MultiSelector;
			sourceTree = "<group>";
		};
		6C6B38492655B39200E812A5 /* View Templates */ = {
			isa = PBXGroup;
			children = (
				6C80F5E226AA11A300207048 /* YouTube */,
				6C68225026A411EB004AA4E8 /* MultiSelector */,
				6C7297342656B1A900AA6D39 /* Modal */,
				6C6B384A2655B3B800E812A5 /* FadingScrollView.swift */,
				6CD49C6D2655F89200144B55 /* SearchBar.swift */,
				6CDE07CA26A1C9E700CE22A3 /* InfiniteList.swift */,
				6CB7DF3B26AE04B1001189BE /* VisualEffectView.swift */,
			);
			path = "View Templates";
			sourceTree = "<group>";
		};
		6C7297342656B1A900AA6D39 /* Modal */ = {
			isa = PBXGroup;
			children = (
				6C7297352656B1B400AA6D39 /* Modal.swift */,
			);
			path = Modal;
			sourceTree = "<group>";
		};
		6C7D1A8A265D8E5E005B7744 /* Alerts */ = {
			isa = PBXGroup;
			children = (
				6C7D1A8B265D8E6C005B7744 /* AlertManager.swift */,
				6C1ED2AD26D6BA2400F3A563 /* AlertType.swift */,
			);
			path = Alerts;
			sourceTree = "<group>";
		};
		6C80F5DC26A8E5C200207048 /* ClubDetailView */ = {
			isa = PBXGroup;
			children = (
				6C80F5DD26A8E5CC00207048 /* View */,
				6C94879F26AB715B00D560A2 /* Model */,
			);
			path = ClubDetailView;
			sourceTree = "<group>";
		};
		6C80F5DD26A8E5CC00207048 /* View */ = {
			isa = PBXGroup;
			children = (
				6C6B38472655B0F400E812A5 /* ClubDetailView.swift */,
				6C2C76D726DAD18400454EC9 /* ClubDetailViewModel.swift */,
				6C80F5DE26A8E5DD00207048 /* DescriptionView.swift */,
				6C3D837E26AB73CC00A97E52 /* OverviewView.swift */,
				6C94879D26AB714500D560A2 /* FAQView.swift */,
				6C3D837C26AB72DC00A97E52 /* MembersView.swift */,
				6C2C76D926DAD66E00454EC9 /* MapPinLocationView.swift */,
			);
			path = View;
			sourceTree = "<group>";
		};
		6C80F5E226AA11A300207048 /* YouTube */ = {
			isa = PBXGroup;
			children = (
				6C80F5E026AA10BE00207048 /* YouTubePlayer.swift */,
				6C80F5E326AA11E000207048 /* YTPlayer.html */,
			);
			path = YouTube;
			sourceTree = "<group>";
		};
		6C94879F26AB715B00D560A2 /* Model */ = {
			isa = PBXGroup;
			children = (
				6C80F5E926AA1E5B00207048 /* ExtendedClub.swift */,
				6C3D838026ABDBD900A97E52 /* QuestionAnswer.swift */,
			);
			path = Model;
			sourceTree = "<group>";
		};
		6CB40EF326560CEC006EBB0D /* More Tab */ = {
			isa = PBXGroup;
			children = (
				6C9EF23E26A312FA00ACBDD2 /* SettingsViewModel.swift */,
				6C1A741126A4E62B00C2F683 /* View */,
				6CDE07BF26A1396600CE22A3 /* Model */,
			);
			path = "More Tab";
			sourceTree = "<group>";
		};
		6CB40EF626560D32006EBB0D /* Maps */ = {
			isa = PBXGroup;
			children = (
				6CA6F87626AD445A00D86362 /* ClubsMapViewModel.swift */,
				6CBAA70226D214080080BA0B /* random_loc.json */,
				6C1A743326A69EEC00C2F683 /* View */,
				6C1A743026A69E4600C2F683 /* Model */,
			);
			path = Maps;
			sourceTree = "<group>";
		};
		6CB40EF726560D74006EBB0D /* Home */ = {
			isa = PBXGroup;
			children = (
				6CE0B49226D947EE006C1122 /* HomeView.swift */,
				6C19252D26D3080800BFC9DC /* HomeViewModel.swift */,
				6C19253126D3488B00BFC9DC /* events.json */,
			);
			path = Home;
			sourceTree = "<group>";
		};
		6CBED3AC26557E6B0094AEF9 /* Search */ = {
			isa = PBXGroup;
			children = (
				6CBED3B826559DEC0094AEF9 /* SearchView.swift */,
				6C19253526D368EF00BFC9DC /* EventResponseViewModel.swift */,
				6C13476F26D5F7C200C395E7 /* ClubResponseViewModel.swift */,
			);
			path = Search;
			sourceTree = "<group>";
		};
		6CBED3B2265582560094AEF9 /* Model */ = {
			isa = PBXGroup;
			children = (
				6CBED3B026557EE30094AEF9 /* Club.swift */,
			);
			path = Model;
			sourceTree = "<group>";
		};
		6CBED3B32655825B0094AEF9 /* Networking */ = {
			isa = PBXGroup;
			children = (
				6C80F5E726AA1DE800207048 /* ClubsAPI.swift */,
				6CDE07C526A13C1D00CE22A3 /* SettingsAPI.swift */,
				6C3D838426ACF24000A97E52 /* MapsAPI.swift */,
				6C19253326D3653C00BFC9DC /* EventsAPI.swift */,
			);
			path = Networking;
			sourceTree = "<group>";
		};
		6CBED3B4265582640094AEF9 /* View */ = {
			isa = PBXGroup;
			children = (
				6C6B38402655AA6D00E812A5 /* ClubRow.swift */,
			);
			path = View;
			sourceTree = "<group>";
		};
		6CBED3B726559D820094AEF9 /* Setup */ = {
			isa = PBXGroup;
			children = (
				6C4B1D702655571100EBBF4B /* penn_clubsApp.swift */,
				6C4B1D722655571100EBBF4B /* ContentView.swift */,
				6CE0B49426D9549D006C1122 /* HomeTabView.swift */,
				6CBED3AA26557E050094AEF9 /* ControllerModel.swift */,
				6C1A741626A53F0F00C2F683 /* Color.swift */,
				6CBED3B52655830C0094AEF9 /* Networking.swift */,
				6C80F5E526AA154500207048 /* Extensions.swift */,
				6C0A344226D56E0C00567D0A /* LoginSplashScreen.swift */,
			);
			path = Setup;
			sourceTree = "<group>";
		};
		6CDE07BF26A1396600CE22A3 /* Model */ = {
			isa = PBXGroup;
			children = (
				6CDE07BD26A1392300CE22A3 /* School.swift */,
				6CDE07C026A139AE00CE22A3 /* Profile.swift */,
				6CDE07C226A13A4700CE22A3 /* Major.swift */,
				6C68225126A4DBEA004AA4E8 /* ClubMembership.swift */,
			);
			path = Model;
			sourceTree = "<group>";
		};
/* End PBXGroup section */

/* Begin PBXNativeTarget section */
		6C4B1D6C2655571100EBBF4B /* PennClubs */ = {
			isa = PBXNativeTarget;
			buildConfigurationList = 6C4B1D7C2655571200EBBF4B /* Build configuration list for PBXNativeTarget "PennClubs" */;
			buildPhases = (
				6C4B1D692655571100EBBF4B /* Sources */,
				6C4B1D6A2655571100EBBF4B /* Frameworks */,
				6C4B1D6B2655571100EBBF4B /* Resources */,
			);
			buildRules = (
			);
			dependencies = (
			);
			name = PennClubs;
			packageProductDependencies = (
				6C6B38432655AADE00E812A5 /* Kingfisher */,
				6CDE07C826A1419B00CE22A3 /* Alamofire */,
				6C80F5D726A8568200207048 /* SwiftSoup */,
				6CC817AB26D9DCE400CECD88 /* FirebaseAnalytics */,
			);
			productName = "penn-clubs-ios";
			productReference = 6C4B1D6D2655571100EBBF4B /* Penn Clubs.app */;
			productType = "com.apple.product-type.application";
		};
/* End PBXNativeTarget section */

/* Begin PBXProject section */
		6C4B1D652655571100EBBF4B /* Project object */ = {
			isa = PBXProject;
			attributes = {
				LastSwiftUpdateCheck = 1250;
				LastUpgradeCheck = 1250;
				TargetAttributes = {
					6C4B1D6C2655571100EBBF4B = {
						CreatedOnToolsVersion = 12.5;
					};
				};
			};
			buildConfigurationList = 6C4B1D682655571100EBBF4B /* Build configuration list for PBXProject "PennClubs" */;
			compatibilityVersion = "Xcode 9.3";
			developmentRegion = en;
			hasScannedForEncodings = 0;
			knownRegions = (
				en,
				Base,
			);
			mainGroup = 6C4B1D642655571100EBBF4B;
			packageReferences = (
				6C6B38422655AADE00E812A5 /* XCRemoteSwiftPackageReference "Kingfisher" */,
				6CB40EFA26561257006EBB0D /* XCRemoteSwiftPackageReference "PartialSheet" */,
				6CDE07C726A1419B00CE22A3 /* XCRemoteSwiftPackageReference "Alamofire" */,
				6C80F5D626A8568200207048 /* XCRemoteSwiftPackageReference "SwiftSoup" */,
				6CC817AA26D9DCE400CECD88 /* XCRemoteSwiftPackageReference "firebase-ios-sdk" */,
			);
			productRefGroup = 6C4B1D6E2655571100EBBF4B /* Products */;
			projectDirPath = "";
			projectRoot = "";
			targets = (
				6C4B1D6C2655571100EBBF4B /* PennClubs */,
			);
		};
/* End PBXProject section */

/* Begin PBXResourcesBuildPhase section */
		6C4B1D6B2655571100EBBF4B /* Resources */ = {
			isa = PBXResourcesBuildPhase;
			buildActionMask = 2147483647;
			files = (
				6C19254726D4B92300BFC9DC /* testEvent.json in Resources */,
				6C4B1D782655571200EBBF4B /* Preview Assets.xcassets in Resources */,
				6CBAA70326D214080080BA0B /* random_loc.json in Resources */,
				6C80F5E426AA11E000207048 /* YTPlayer.html in Resources */,
				6C19253226D3488B00BFC9DC /* events.json in Resources */,
				6C4B1D752655571200EBBF4B /* Assets.xcassets in Resources */,
				6CC817A926D9DC3400CECD88 /* GoogleService-Info.plist in Resources */,
			);
			runOnlyForDeploymentPostprocessing = 0;
		};
/* End PBXResourcesBuildPhase section */

/* Begin PBXSourcesBuildPhase section */
		6C4B1D692655571100EBBF4B /* Sources */ = {
			isa = PBXSourcesBuildPhase;
			buildActionMask = 2147483647;
			files = (
				6C1A743226A69EC000C2F683 /* ClubAnnotation.swift in Sources */,
				6C3D838526ACF24000A97E52 /* MapsAPI.swift in Sources */,
				6C9EF23B26A30DD500ACBDD2 /* UserDefaults.swift in Sources */,
				6C3BE918269FFE4400FBB81A /* SecureStore.swift in Sources */,
				6C3D838126ABDBD900A97E52 /* QuestionAnswer.swift in Sources */,
				6C19253426D3653C00BFC9DC /* EventsAPI.swift in Sources */,
				6C7D1A8C265D8E6C005B7744 /* AlertManager.swift in Sources */,
				6C3BE91F26A0ECC900FBB81A /* WKPennLoginController.swift in Sources */,
				6CD49C6E2655F89200144B55 /* SearchBar.swift in Sources */,
				6C2C76DA26DAD66E00454EC9 /* MapPinLocationView.swift in Sources */,
				6C80F5DF26A8E5DD00207048 /* DescriptionView.swift in Sources */,
				6C19253D26D487D600BFC9DC /* Event.swift in Sources */,
				6C1ED2AE26D6BA2400F3A563 /* AlertType.swift in Sources */,
				6C13477026D5F7C200C395E7 /* ClubResponseViewModel.swift in Sources */,
				6C7297362656B1B400AA6D39 /* Modal.swift in Sources */,
				6C80F5E626AA154500207048 /* Extensions.swift in Sources */,
				6C3D837D26AB72DC00A97E52 /* MembersView.swift in Sources */,
				6C0A344126D546B100567D0A /* EventCard.swift in Sources */,
				6CBED3B126557EE30094AEF9 /* Club.swift in Sources */,
				6CBED3B926559DEC0094AEF9 /* SearchView.swift in Sources */,
				6CA6F87926AD44C500D86362 /* FilterType.swift in Sources */,
				6C1A741726A53F0F00C2F683 /* Color.swift in Sources */,
				6C9EF23926A30C3C00ACBDD2 /* LoginManager.swift in Sources */,
				6C6B38482655B0F400E812A5 /* ClubDetailView.swift in Sources */,
				6CD49C6C2655B88600144B55 /* ClubsMapView.swift in Sources */,
				6C6B38412655AA6D00E812A5 /* ClubRow.swift in Sources */,
				6C8DAD3B26A78E9C0072287B /* LocationDataMapClusterView.swift in Sources */,
				6CB40EF526560D05006EBB0D /* MoreView.swift in Sources */,
				6C4B1D732655571100EBBF4B /* ContentView.swift in Sources */,
				6CE0B49326D947EE006C1122 /* HomeView.swift in Sources */,
				6CDE07C126A139AE00CE22A3 /* Profile.swift in Sources */,
				6C9EF23F26A312FA00ACBDD2 /* SettingsViewModel.swift in Sources */,
				6C19253626D368EF00BFC9DC /* EventResponseViewModel.swift in Sources */,
				6C9EF23D26A3114400ACBDD2 /* LoginView.swift in Sources */,
				6C1A741B26A5F67800C2F683 /* ClubFair.swift in Sources */,
				6C80F5E126AA10BE00207048 /* YouTubePlayer.swift in Sources */,
				6CA6F87726AD445A00D86362 /* ClubsMapViewModel.swift in Sources */,
				6C80F5E826AA1DE800207048 /* ClubsAPI.swift in Sources */,
				6C19252C26D307F800BFC9DC /* EventsView.swift in Sources */,
				6CBED3B62655830C0094AEF9 /* Networking.swift in Sources */,
				6C6B384B2655B3B800E812A5 /* FadingScrollView.swift in Sources */,
				6C80F5EA26AA1E5B00207048 /* ExtendedClub.swift in Sources */,
				6C3D837F26AB73CC00A97E52 /* OverviewView.swift in Sources */,
				6CE0B49526D9549D006C1122 /* HomeTabView.swift in Sources */,
				6C68225226A4DBEA004AA4E8 /* ClubMembership.swift in Sources */,
				6CDE07C626A13C1D00CE22A3 /* SettingsAPI.swift in Sources */,
				6C19254A26D4CB9600BFC9DC /* AddEventViewController.swift in Sources */,
				6C68224F26A3E608004AA4E8 /* MultiSelector.swift in Sources */,
				6C1A741526A51EA600C2F683 /* MapView.swift in Sources */,
				6C4B1D712655571100EBBF4B /* penn_clubsApp.swift in Sources */,
				6C19252E26D3080800BFC9DC /* HomeViewModel.swift in Sources */,
				6CDE07BE26A1392300CE22A3 /* School.swift in Sources */,
				6C3BE92126A0EE0200FBB81A /* WKPennLoginSwiftUI.swift in Sources */,
				6C2C76D826DAD18400454EC9 /* ClubDetailViewModel.swift in Sources */,
				6C1A743526A69EF500C2F683 /* ClubAnnotationView.swift in Sources */,
				6CBED3AB26557E050094AEF9 /* ControllerModel.swift in Sources */,
				6C3BE91D26A0ECB100FBB81A /* WKNetworkManager.swift in Sources */,
				6C0A344326D56E0C00567D0A /* LoginSplashScreen.swift in Sources */,
				6CDE07C326A13A4700CE22A3 /* Major.swift in Sources */,
				6CB7DF3C26AE04B1001189BE /* VisualEffectView.swift in Sources */,
				6C94879E26AB714500D560A2 /* FAQView.swift in Sources */,
				6C68224D26A386B3004AA4E8 /* Storage.swift in Sources */,
				6C19254326D488F900BFC9DC /* EventDetailView.swift in Sources */,
				6CDE07CB26A1C9E700CE22A3 /* InfiniteList.swift in Sources */,
				6C1A741026A4E2DA00C2F683 /* MultiSelectionView.swift in Sources */,
				6CB7DF3A26ADFB99001189BE /* ClubBookmarkResponse.swift in Sources */,
				6C1A741326A4E63E00C2F683 /* MembershipSettingsView.swift in Sources */,
			);
			runOnlyForDeploymentPostprocessing = 0;
		};
/* End PBXSourcesBuildPhase section */

/* Begin XCBuildConfiguration section */
		6C4B1D7A2655571200EBBF4B /* Debug */ = {
			isa = XCBuildConfiguration;
			buildSettings = {
				ALWAYS_SEARCH_USER_PATHS = NO;
				CLANG_ANALYZER_NONNULL = YES;
				CLANG_ANALYZER_NUMBER_OBJECT_CONVERSION = YES_AGGRESSIVE;
				CLANG_CXX_LANGUAGE_STANDARD = "gnu++14";
				CLANG_CXX_LIBRARY = "libc++";
				CLANG_ENABLE_MODULES = YES;
				CLANG_ENABLE_OBJC_ARC = YES;
				CLANG_ENABLE_OBJC_WEAK = YES;
				CLANG_WARN_BLOCK_CAPTURE_AUTORELEASING = YES;
				CLANG_WARN_BOOL_CONVERSION = YES;
				CLANG_WARN_COMMA = YES;
				CLANG_WARN_CONSTANT_CONVERSION = YES;
				CLANG_WARN_DEPRECATED_OBJC_IMPLEMENTATIONS = YES;
				CLANG_WARN_DIRECT_OBJC_ISA_USAGE = YES_ERROR;
				CLANG_WARN_DOCUMENTATION_COMMENTS = YES;
				CLANG_WARN_EMPTY_BODY = YES;
				CLANG_WARN_ENUM_CONVERSION = YES;
				CLANG_WARN_INFINITE_RECURSION = YES;
				CLANG_WARN_INT_CONVERSION = YES;
				CLANG_WARN_NON_LITERAL_NULL_CONVERSION = YES;
				CLANG_WARN_OBJC_IMPLICIT_RETAIN_SELF = YES;
				CLANG_WARN_OBJC_LITERAL_CONVERSION = YES;
				CLANG_WARN_OBJC_ROOT_CLASS = YES_ERROR;
				CLANG_WARN_QUOTED_INCLUDE_IN_FRAMEWORK_HEADER = YES;
				CLANG_WARN_RANGE_LOOP_ANALYSIS = YES;
				CLANG_WARN_STRICT_PROTOTYPES = YES;
				CLANG_WARN_SUSPICIOUS_MOVE = YES;
				CLANG_WARN_UNGUARDED_AVAILABILITY = YES_AGGRESSIVE;
				CLANG_WARN_UNREACHABLE_CODE = YES;
				CLANG_WARN__DUPLICATE_METHOD_MATCH = YES;
				COPY_PHASE_STRIP = NO;
				DEBUG_INFORMATION_FORMAT = dwarf;
				ENABLE_STRICT_OBJC_MSGSEND = YES;
				ENABLE_TESTABILITY = YES;
				GCC_C_LANGUAGE_STANDARD = gnu11;
				GCC_DYNAMIC_NO_PIC = NO;
				GCC_NO_COMMON_BLOCKS = YES;
				GCC_OPTIMIZATION_LEVEL = 0;
				GCC_PREPROCESSOR_DEFINITIONS = (
					"DEBUG=1",
					"$(inherited)",
				);
				GCC_WARN_64_TO_32_BIT_CONVERSION = YES;
				GCC_WARN_ABOUT_RETURN_TYPE = YES_ERROR;
				GCC_WARN_UNDECLARED_SELECTOR = YES;
				GCC_WARN_UNINITIALIZED_AUTOS = YES_AGGRESSIVE;
				GCC_WARN_UNUSED_FUNCTION = YES;
				GCC_WARN_UNUSED_VARIABLE = YES;
				IPHONEOS_DEPLOYMENT_TARGET = 14.1;
				MTL_ENABLE_DEBUG_INFO = INCLUDE_SOURCE;
				MTL_FAST_MATH = YES;
				ONLY_ACTIVE_ARCH = YES;
				SDKROOT = iphoneos;
				SWIFT_ACTIVE_COMPILATION_CONDITIONS = DEBUG;
				SWIFT_OPTIMIZATION_LEVEL = "-Onone";
			};
			name = Debug;
		};
		6C4B1D7B2655571200EBBF4B /* Release */ = {
			isa = XCBuildConfiguration;
			buildSettings = {
				ALWAYS_SEARCH_USER_PATHS = NO;
				CLANG_ANALYZER_NONNULL = YES;
				CLANG_ANALYZER_NUMBER_OBJECT_CONVERSION = YES_AGGRESSIVE;
				CLANG_CXX_LANGUAGE_STANDARD = "gnu++14";
				CLANG_CXX_LIBRARY = "libc++";
				CLANG_ENABLE_MODULES = YES;
				CLANG_ENABLE_OBJC_ARC = YES;
				CLANG_ENABLE_OBJC_WEAK = YES;
				CLANG_WARN_BLOCK_CAPTURE_AUTORELEASING = YES;
				CLANG_WARN_BOOL_CONVERSION = YES;
				CLANG_WARN_COMMA = YES;
				CLANG_WARN_CONSTANT_CONVERSION = YES;
				CLANG_WARN_DEPRECATED_OBJC_IMPLEMENTATIONS = YES;
				CLANG_WARN_DIRECT_OBJC_ISA_USAGE = YES_ERROR;
				CLANG_WARN_DOCUMENTATION_COMMENTS = YES;
				CLANG_WARN_EMPTY_BODY = YES;
				CLANG_WARN_ENUM_CONVERSION = YES;
				CLANG_WARN_INFINITE_RECURSION = YES;
				CLANG_WARN_INT_CONVERSION = YES;
				CLANG_WARN_NON_LITERAL_NULL_CONVERSION = YES;
				CLANG_WARN_OBJC_IMPLICIT_RETAIN_SELF = YES;
				CLANG_WARN_OBJC_LITERAL_CONVERSION = YES;
				CLANG_WARN_OBJC_ROOT_CLASS = YES_ERROR;
				CLANG_WARN_QUOTED_INCLUDE_IN_FRAMEWORK_HEADER = YES;
				CLANG_WARN_RANGE_LOOP_ANALYSIS = YES;
				CLANG_WARN_STRICT_PROTOTYPES = YES;
				CLANG_WARN_SUSPICIOUS_MOVE = YES;
				CLANG_WARN_UNGUARDED_AVAILABILITY = YES_AGGRESSIVE;
				CLANG_WARN_UNREACHABLE_CODE = YES;
				CLANG_WARN__DUPLICATE_METHOD_MATCH = YES;
				COPY_PHASE_STRIP = NO;
				DEBUG_INFORMATION_FORMAT = "dwarf-with-dsym";
				ENABLE_NS_ASSERTIONS = NO;
				ENABLE_STRICT_OBJC_MSGSEND = YES;
				GCC_C_LANGUAGE_STANDARD = gnu11;
				GCC_NO_COMMON_BLOCKS = YES;
				GCC_WARN_64_TO_32_BIT_CONVERSION = YES;
				GCC_WARN_ABOUT_RETURN_TYPE = YES_ERROR;
				GCC_WARN_UNDECLARED_SELECTOR = YES;
				GCC_WARN_UNINITIALIZED_AUTOS = YES_AGGRESSIVE;
				GCC_WARN_UNUSED_FUNCTION = YES;
				GCC_WARN_UNUSED_VARIABLE = YES;
				IPHONEOS_DEPLOYMENT_TARGET = 14.1;
				MTL_ENABLE_DEBUG_INFO = NO;
				MTL_FAST_MATH = YES;
				SDKROOT = iphoneos;
				SWIFT_COMPILATION_MODE = wholemodule;
				SWIFT_OPTIMIZATION_LEVEL = "-O";
				VALIDATE_PRODUCT = YES;
			};
			name = Release;
		};
		6C4B1D7D2655571200EBBF4B /* Debug */ = {
			isa = XCBuildConfiguration;
			buildSettings = {
				ASSETCATALOG_COMPILER_APPICON_NAME = AppIcon;
				ASSETCATALOG_COMPILER_GLOBAL_ACCENT_COLOR_NAME = AccentColor;
				CODE_SIGN_IDENTITY = "Apple Development";
				CODE_SIGN_STYLE = Automatic;
				DEVELOPMENT_ASSET_PATHS = "\"PennClubs/Preview Content\"";
				DEVELOPMENT_TEAM = VU59R57FGM;
				ENABLE_PREVIEWS = YES;
				INFOPLIST_FILE = PennClubs/Info.plist;
				IPHONEOS_DEPLOYMENT_TARGET = 14.1;
				LD_RUNPATH_SEARCH_PATHS = (
					"$(inherited)",
					"@executable_path/Frameworks",
				);
				MARKETING_VERSION = 1.0.1;
				OTHER_LDFLAGS = "-ObjC";
				PRODUCT_BUNDLE_IDENTIFIER = org.pennlabs.PennClubsMobile;
				PRODUCT_NAME = "Penn Clubs";
				PROVISIONING_PROFILE_SPECIFIER = "";
				SWIFT_VERSION = 5.0;
				TARGETED_DEVICE_FAMILY = "1,2";
			};
			name = Debug;
		};
		6C4B1D7E2655571200EBBF4B /* Release */ = {
			isa = XCBuildConfiguration;
			buildSettings = {
				ASSETCATALOG_COMPILER_APPICON_NAME = AppIcon;
				ASSETCATALOG_COMPILER_GLOBAL_ACCENT_COLOR_NAME = AccentColor;
				CODE_SIGN_IDENTITY = "Apple Development";
				CODE_SIGN_STYLE = Automatic;
				DEVELOPMENT_ASSET_PATHS = "\"PennClubs/Preview Content\"";
				DEVELOPMENT_TEAM = VU59R57FGM;
				ENABLE_PREVIEWS = YES;
				INFOPLIST_FILE = PennClubs/Info.plist;
				IPHONEOS_DEPLOYMENT_TARGET = 14.1;
				LD_RUNPATH_SEARCH_PATHS = (
					"$(inherited)",
					"@executable_path/Frameworks",
				);
				MARKETING_VERSION = 1.0.1;
				OTHER_LDFLAGS = "-ObjC";
				PRODUCT_BUNDLE_IDENTIFIER = org.pennlabs.PennClubsMobile;
				PRODUCT_NAME = "Penn Clubs";
				PROVISIONING_PROFILE_SPECIFIER = "";
				SWIFT_VERSION = 5.0;
				TARGETED_DEVICE_FAMILY = "1,2";
			};
			name = Release;
		};
/* End XCBuildConfiguration section */

/* Begin XCConfigurationList section */
		6C4B1D682655571100EBBF4B /* Build configuration list for PBXProject "PennClubs" */ = {
			isa = XCConfigurationList;
			buildConfigurations = (
				6C4B1D7A2655571200EBBF4B /* Debug */,
				6C4B1D7B2655571200EBBF4B /* Release */,
			);
			defaultConfigurationIsVisible = 0;
			defaultConfigurationName = Release;
		};
		6C4B1D7C2655571200EBBF4B /* Build configuration list for PBXNativeTarget "PennClubs" */ = {
			isa = XCConfigurationList;
			buildConfigurations = (
				6C4B1D7D2655571200EBBF4B /* Debug */,
				6C4B1D7E2655571200EBBF4B /* Release */,
			);
			defaultConfigurationIsVisible = 0;
			defaultConfigurationName = Release;
		};
/* End XCConfigurationList section */

/* Begin XCRemoteSwiftPackageReference section */
		6C6B38422655AADE00E812A5 /* XCRemoteSwiftPackageReference "Kingfisher" */ = {
			isa = XCRemoteSwiftPackageReference;
			repositoryURL = "https://github.com/onevcat/Kingfisher.git";
			requirement = {
				kind = upToNextMajorVersion;
				minimumVersion = 6.0.0;
			};
		};
		6C80F5D626A8568200207048 /* XCRemoteSwiftPackageReference "SwiftSoup" */ = {
			isa = XCRemoteSwiftPackageReference;
			repositoryURL = "https://github.com/scinfu/SwiftSoup.git";
			requirement = {
				kind = upToNextMajorVersion;
				minimumVersion = 2.3.2;
			};
		};
		6CB40EFA26561257006EBB0D /* XCRemoteSwiftPackageReference "PartialSheet" */ = {
			isa = XCRemoteSwiftPackageReference;
			repositoryURL = "https://github.com/AndreaMiotto/PartialSheet.git";
			requirement = {
				kind = upToNextMajorVersion;
				minimumVersion = 2.1.11;
			};
		};
		6CC817AA26D9DCE400CECD88 /* XCRemoteSwiftPackageReference "firebase-ios-sdk" */ = {
			isa = XCRemoteSwiftPackageReference;
			repositoryURL = "https://github.com/firebase/firebase-ios-sdk.git";
			requirement = {
				kind = upToNextMajorVersion;
				minimumVersion = 8.6.1;
			};
		};
		6CDE07C726A1419B00CE22A3 /* XCRemoteSwiftPackageReference "Alamofire" */ = {
			isa = XCRemoteSwiftPackageReference;
			repositoryURL = "https://github.com/Alamofire/Alamofire.git";
			requirement = {
				kind = upToNextMajorVersion;
				minimumVersion = 5.4.0;
			};
		};
/* End XCRemoteSwiftPackageReference section */

/* Begin XCSwiftPackageProductDependency section */
		6C6B38432655AADE00E812A5 /* Kingfisher */ = {
			isa = XCSwiftPackageProductDependency;
			package = 6C6B38422655AADE00E812A5 /* XCRemoteSwiftPackageReference "Kingfisher" */;
			productName = Kingfisher;
		};
		6C80F5D726A8568200207048 /* SwiftSoup */ = {
			isa = XCSwiftPackageProductDependency;
			package = 6C80F5D626A8568200207048 /* XCRemoteSwiftPackageReference "SwiftSoup" */;
			productName = SwiftSoup;
		};
		6CC817AB26D9DCE400CECD88 /* FirebaseAnalytics */ = {
			isa = XCSwiftPackageProductDependency;
			package = 6CC817AA26D9DCE400CECD88 /* XCRemoteSwiftPackageReference "firebase-ios-sdk" */;
			productName = FirebaseAnalytics;
		};
		6CDE07C826A1419B00CE22A3 /* Alamofire */ = {
			isa = XCSwiftPackageProductDependency;
			package = 6CDE07C726A1419B00CE22A3 /* XCRemoteSwiftPackageReference "Alamofire" */;
			productName = Alamofire;
		};
/* End XCSwiftPackageProductDependency section */
	};
	rootObject = 6C4B1D652655571100EBBF4B /* Project object */;
}
